
Microsoft Visual Studio Solution File, Format Version 12.00
# Visual Studio Version 17
VisualStudioVersion = 17.0.31903.59
MinimumVisualStudioVersion = 10.0.40219.1
Project("{2150E333-8FDC-42A3-9474-1A3956D46DE8}") = "src", "src", "{827E0CD3-B72D-47B6-A68D-7590B98EB39B}"
EndProject
Project("{FAE04EC0-301F-11D3-BF4B-00C04F79EFBC}") = "DismSharp.Core", "src\DismSharp.Core\DismSharp.Core.csproj", "{4129783A-194A-442F-8E6F-1DAEFA95549C}"
EndProject
Project("{FAE04EC0-301F-11D3-BF4B-00C04F79EFBC}") = "DismSharp.UI", "src\DismSharp.UI\DismSharp.UI.csproj", "{D2718CB8-85BE-4B11-B852-B5E6DA530559}"
EndProject
Project("{FAE04EC0-301F-11D3-BF4B-00C04F79EFBC}") = "DismSharp.Console", "src\DismSharp.Console\DismSharp.Console.csproj", "{DC453ECD-0DED-44BA-8231-85036DEC6C6F}"
EndProject
Global
	GlobalSection(SolutionConfigurationPlatforms) = preSolution
		Debug|Any CPU = Debug|Any CPU
		Debug|x64 = Debug|x64
		Debug|x86 = Debug|x86
		Release|Any CPU = Release|Any CPU
		Release|x64 = Release|x64
		Release|x86 = Release|x86
	EndGlobalSection
	GlobalSection(ProjectConfigurationPlatforms) = postSolution
		{4129783A-194A-442F-8E6F-1DAEFA95549C}.Debug|Any CPU.ActiveCfg = Debug|Any CPU
		{4129783A-194A-442F-8E6F-1DAEFA95549C}.Debug|Any CPU.Build.0 = Debug|Any CPU
		{4129783A-194A-442F-8E6F-1DAEFA95549C}.Debug|x64.ActiveCfg = Debug|Any CPU
		{4129783A-194A-442F-8E6F-1DAEFA95549C}.Debug|x64.Build.0 = Debug|Any CPU
		{4129783A-194A-442F-8E6F-1DAEFA95549C}.Debug|x86.ActiveCfg = Debug|Any CPU
		{4129783A-194A-442F-8E6F-1DAEFA95549C}.Debug|x86.Build.0 = Debug|Any CPU
		{4129783A-194A-442F-8E6F-1DAEFA95549C}.Release|Any CPU.ActiveCfg = Release|Any CPU
		{4129783A-194A-442F-8E6F-1DAEFA95549C}.Release|Any CPU.Build.0 = Release|Any CPU
		{4129783A-194A-442F-8E6F-1DAEFA95549C}.Release|x64.ActiveCfg = Release|Any CPU
		{4129783A-194A-442F-8E6F-1DAEFA95549C}.Release|x64.Build.0 = Release|Any CPU
		{4129783A-194A-442F-8E6F-1DAEFA95549C}.Release|x86.ActiveCfg = Release|Any CPU
		{4129783A-194A-442F-8E6F-1DAEFA95549C}.Release|x86.Build.0 = Release|Any CPU
		{D2718CB8-85BE-4B11-B852-B5E6DA530559}.Debug|Any CPU.ActiveCfg = Debug|Any CPU
		{D2718CB8-85BE-4B11-B852-B5E6DA530559}.Debug|Any CPU.Build.0 = Debug|Any CPU
		{D2718CB8-85BE-4B11-B852-B5E6DA530559}.Debug|x64.ActiveCfg = Debug|Any CPU
		{D2718CB8-85BE-4B11-B852-B5E6DA530559}.Debug|x64.Build.0 = Debug|Any CPU
		{D2718CB8-85BE-4B11-B852-B5E6DA530559}.Debug|x86.ActiveCfg = Debug|Any CPU
		{D2718CB8-85BE-4B11-B852-B5E6DA530559}.Debug|x86.Build.0 = Debug|Any CPU
		{D2718CB8-85BE-4B11-B852-B5E6DA530559}.Release|Any CPU.ActiveCfg = Release|Any CPU
		{D2718CB8-85BE-4B11-B852-B5E6DA530559}.Release|Any CPU.Build.0 = Release|Any CPU
		{D2718CB8-85BE-4B11-B852-B5E6DA530559}.Release|x64.ActiveCfg = Release|Any CPU
		{D2718CB8-85BE-4B11-B852-B5E6DA530559}.Release|x64.Build.0 = Release|Any CPU
		{D2718CB8-85BE-4B11-B852-B5E6DA530559}.Release|x86.ActiveCfg = Release|Any CPU
		{D2718CB8-85BE-4B11-B852-B5E6DA530559}.Release|x86.Build.0 = Release|Any CPU
		{DC453ECD-0DED-44BA-8231-85036DEC6C6F}.Debug|Any CPU.ActiveCfg = Debug|Any CPU
		{DC453ECD-0DED-44BA-8231-85036DEC6C6F}.Debug|Any CPU.Build.0 = Debug|Any CPU
		{DC453ECD-0DED-44BA-8231-85036DEC6C6F}.Debug|x64.ActiveCfg = Debug|Any CPU
		{DC453ECD-0DED-44BA-8231-85036DEC6C6F}.Debug|x64.Build.0 = Debug|Any CPU
		{DC453ECD-0DED-44BA-8231-85036DEC6C6F}.Debug|x86.ActiveCfg = Debug|Any CPU
		{DC453ECD-0DED-44BA-8231-85036DEC6C6F}.Debug|x86.Build.0 = Debug|Any CPU
		{DC453ECD-0DED-44BA-8231-85036DEC6C6F}.Release|Any CPU.ActiveCfg = Release|Any CPU
		{DC453ECD-0DED-44BA-8231-85036DEC6C6F}.Release|Any CPU.Build.0 = Release|Any CPU
		{DC453ECD-0DED-44BA-8231-85036DEC6C6F}.Release|x64.ActiveCfg = Release|Any CPU
		{DC453ECD-0DED-44BA-8231-85036DEC6C6F}.Release|x64.Build.0 = Release|Any CPU
		{DC453ECD-0DED-44BA-8231-85036DEC6C6F}.Release|x86.ActiveCfg = Release|Any CPU
		{DC453ECD-0DED-44BA-8231-85036DEC6C6F}.Release|x86.Build.0 = Release|Any CPU
	EndGlobalSection
	GlobalSection(SolutionProperties) = preSolution
		HideSolutionNode = FALSE
	EndGlobalSection
	GlobalSection(NestedProjects) = preSolution
		{4129783A-194A-442F-8E6F-1DAEFA95549C} = {827E0CD3-B72D-47B6-A68D-7590B98EB39B}
		{D2718CB8-85BE-4B11-B852-B5E6DA530559} = {827E0CD3-B72D-47B6-A68D-7590B98EB39B}
		{DC453ECD-0DED-44BA-8231-85036DEC6C6F} = {827E0CD3-B72D-47B6-A68D-7590B98EB39B}
	EndGlobalSection
EndGlobal
